
Microsoft Visual Studio Solution File, Format Version 12.00
# Visual Studio Version 17
VisualStudioVersion = 17.5.33627.172
MinimumVisualStudioVersion = 10.0.40219.1
Project("{9A19103F-16F7-4668-BE54-9A1E7A4F7556}") = "task6_csharp", "task6_csharp.csproj", "{6B86BAB2-24C6-4050-9B51-D2D6E886673B}"
EndProject
Global
	GlobalSection(SolutionConfigurationPlatforms) = preSolution
		Debug|Any CPU = Debug|Any CPU
		Release|Any CPU = Release|Any CPU
	EndGlobalSection
	GlobalSection(ProjectConfigurationPlatforms) = postSolution
		{6B86BAB2-24C6-4050-9B51-D2D6E886673B}.Debug|Any CPU.ActiveCfg = Debug|Any CPU
		{6B86BAB2-24C6-4050-9B51-D2D6E886673B}.Debug|Any CPU.Build.0 = Debug|Any CPU
		{6B86BAB2-24C6-4050-9B51-D2D6E886673B}.Release|Any CPU.ActiveCfg = Release|Any CPU
		{6B86BAB2-24C6-4050-9B51-D2D6E886673B}.Release|Any CPU.Build.0 = Release|Any CPU
	EndGlobalSection
	GlobalSection(SolutionProperties) = preSolution
		HideSolutionNode = FALSE
	EndGlobalSection
	GlobalSection(ExtensibilityGlobals) = postSolution
		SolutionGuid = {D58C1A40-2E6F-4982-97AE-B3DE4E3B7498}
	EndGlobalSection
EndGlobal
